
Microsoft Visual Studio Solution File, Format Version 12.00
# Visual Studio Version 16
VisualStudioVersion = 16.0.29920.165
MinimumVisualStudioVersion = 10.0.40219.1
Project("{8BC9CEB8-8B4A-11D0-8D11-00A0C91BC942}") = "Sandbox", "Sandbox\Sandbox.vcxproj", "{1A4E5E0B-359F-4D4D-8EE9-257D6CA971A2}"
EndProject
Project("{8BC9CEB8-8B4A-11D0-8D11-00A0C91BC942}") = "Hazel", "Hazel\Hazel.vcxproj", "{24511FD5-4F1E-4D15-8671-A02A8D67E2E0}"
EndProject
Global
	GlobalSection(SolutionConfigurationPlatforms) = preSolution
		Debug|x64 = Debug|x64
		Release|x64 = Release|x64
	EndGlobalSection
	GlobalSection(ProjectConfigurationPlatforms) = postSolution
		{24511FD5-4F1E-4D15-8671-A02A8D67E2E0}.Debug|x64.ActiveCfg = Debug|x64
		{24511FD5-4F1E-4D15-8671-A02A8D67E2E0}.Debug|x64.Build.0 = Debug|x64
		{24511FD5-4F1E-4D15-8671-A02A8D67E2E0}.Release|x64.ActiveCfg = Release|x64
		{24511FD5-4F1E-4D15-8671-A02A8D67E2E0}.Release|x64.Build.0 = Release|x64
		{1A4E5E0B-359F-4D4D-8EE9-257D6CA971A2}.Debug|x64.ActiveCfg = Debug|x64
		{1A4E5E0B-359F-4D4D-8EE9-257D6CA971A2}.Debug|x64.Build.0 = Debug|x64
		{1A4E5E0B-359F-4D4D-8EE9-257D6CA971A2}.Release|x64.ActiveCfg = Release|x64
		{1A4E5E0B-359F-4D4D-8EE9-257D6CA971A2}.Release|x64.Build.0 = Release|x64
	EndGlobalSection
	GlobalSection(SolutionProperties) = preSolution
		HideSolutionNode = FALSE
	EndGlobalSection
	GlobalSection(ExtensibilityGlobals) = postSolution
		SolutionGuid = {36424B0C-54F1-4E2D-95AF-A96B7CF512A3}
	EndGlobalSection
EndGlobal
